
Microsoft Visual Studio Solution File, Format Version 12.00
# Visual Studio Version 16
VisualStudioVersion = 16.0.31019.35
MinimumVisualStudioVersion = 10.0.40219.1
Project("{FAE04EC0-301F-11D3-BF4B-00C04F79EFBC}") = "VucutKitleIndeksHesaplama", "VucutKitleIndeksHesaplama.csproj", "{6E58366D-3062-4DE9-95C6-F5000D729502}"
EndProject
Global
	GlobalSection(SolutionConfigurationPlatforms) = preSolution
		Debug|Any CPU = Debug|Any CPU
		Release|Any CPU = Release|Any CPU
	EndGlobalSection
	GlobalSection(ProjectConfigurationPlatforms) = postSolution
		{6E58366D-3062-4DE9-95C6-F5000D729502}.Debug|Any CPU.ActiveCfg = Debug|Any CPU
		{6E58366D-3062-4DE9-95C6-F5000D729502}.Debug|Any CPU.Build.0 = Debug|Any CPU
		{6E58366D-3062-4DE9-95C6-F5000D729502}.Release|Any CPU.ActiveCfg = Release|Any CPU
		{6E58366D-3062-4DE9-95C6-F5000D729502}.Release|Any CPU.Build.0 = Release|Any CPU
	EndGlobalSection
	GlobalSection(SolutionProperties) = preSolution
		HideSolutionNode = FALSE
	EndGlobalSection
	GlobalSection(ExtensibilityGlobals) = postSolution
		SolutionGuid = {C2EF3638-2E10-42CB-B95F-60ECC10F9466}
	EndGlobalSection
EndGlobal
